
Microsoft Visual Studio Solution File, Format Version 12.00
# Visual Studio Version 17
VisualStudioVersion = 17.9.34310.174
MinimumVisualStudioVersion = 10.0.40219.1
Project("{2150E333-8FDC-42A3-9474-1A3956D46DE8}") = "Core", "Core", "{DA99FA62-3929-47FA-B732-C9DD4EFF44EC}"
EndProject
Project("{9A19103F-16F7-4668-BE54-9A1E7A4F7556}") = "CarBook.Domain", "Core\CarBook.Domain\CarBook.Domain.csproj", "{ECAC5736-267D-4DA7-8CAA-98074E814835}"
EndProject
Project("{2150E333-8FDC-42A3-9474-1A3956D46DE8}") = "Infrastructure", "Infrastructure", "{76E2C67D-FA7D-45A8-A4A0-C42A7D1068A0}"
EndProject
Project("{9A19103F-16F7-4668-BE54-9A1E7A4F7556}") = "CarBook.Persistence", "Infrastructure\CarBook.Persistence\CarBook.Persistence.csproj", "{7B715949-4E62-4C9D-956F-0CE25DAFCCC0}"
EndProject
Project("{2150E333-8FDC-42A3-9474-1A3956D46DE8}") = "Presentation", "Presentation", "{064F2AA4-D08F-4F5F-B314-077A26B517E1}"
EndProject
Project("{9A19103F-16F7-4668-BE54-9A1E7A4F7556}") = "CarBook.WebApi", "Presentation\CarBook.WebApi\CarBook.WebApi.csproj", "{2259E786-4E71-448E-BB2B-72328467EBB3}"
EndProject
Project("{9A19103F-16F7-4668-BE54-9A1E7A4F7556}") = "CarBook.Application", "cORE\CarBook.Application\CarBook.Application.csproj", "{AD6BCF0B-3CC0-4D51-88DE-92E336FF2D9F}"
EndProject
Project("{2150E333-8FDC-42A3-9474-1A3956D46DE8}") = "Frontends", "Frontends", "{2FD9B0F0-4370-494B-9FE9-49D98CD9E31E}"
EndProject
Project("{9A19103F-16F7-4668-BE54-9A1E7A4F7556}") = "CarBook.WebUI", "Frontends\CarBook.WebUI\CarBook.WebUI.csproj", "{A76CFF35-0E44-4D27-B53D-0ABF75294C66}"
EndProject
Project("{9A19103F-16F7-4668-BE54-9A1E7A4F7556}") = "CarBook.DtoLayer", "CarBook.DtoLayer\CarBook.DtoLayer.csproj", "{D0AF2553-5D7E-4F55-BA83-C72ED4EB885E}"
EndProject
Project("{FAE04EC0-301F-11D3-BF4B-00C04F79EFBC}") = "ApiDto", "ApiDto\ApiDto.csproj", "{C563BB2D-292F-4F28-A0DD-395B9DE340A0}"
EndProject
Global
	GlobalSection(SolutionConfigurationPlatforms) = preSolution
		Debug|Any CPU = Debug|Any CPU
		Release|Any CPU = Release|Any CPU
	EndGlobalSection
	GlobalSection(ProjectConfigurationPlatforms) = postSolution
		{ECAC5736-267D-4DA7-8CAA-98074E814835}.Debug|Any CPU.ActiveCfg = Debug|Any CPU
		{ECAC5736-267D-4DA7-8CAA-98074E814835}.Debug|Any CPU.Build.0 = Debug|Any CPU
		{ECAC5736-267D-4DA7-8CAA-98074E814835}.Release|Any CPU.ActiveCfg = Release|Any CPU
		{ECAC5736-267D-4DA7-8CAA-98074E814835}.Release|Any CPU.Build.0 = Release|Any CPU
		{7B715949-4E62-4C9D-956F-0CE25DAFCCC0}.Debug|Any CPU.ActiveCfg = Debug|Any CPU
		{7B715949-4E62-4C9D-956F-0CE25DAFCCC0}.Debug|Any CPU.Build.0 = Debug|Any CPU
		{7B715949-4E62-4C9D-956F-0CE25DAFCCC0}.Release|Any CPU.ActiveCfg = Release|Any CPU
		{7B715949-4E62-4C9D-956F-0CE25DAFCCC0}.Release|Any CPU.Build.0 = Release|Any CPU
		{2259E786-4E71-448E-BB2B-72328467EBB3}.Debug|Any CPU.ActiveCfg = Debug|Any CPU
		{2259E786-4E71-448E-BB2B-72328467EBB3}.Debug|Any CPU.Build.0 = Debug|Any CPU
		{2259E786-4E71-448E-BB2B-72328467EBB3}.Release|Any CPU.ActiveCfg = Release|Any CPU
		{2259E786-4E71-448E-BB2B-72328467EBB3}.Release|Any CPU.Build.0 = Release|Any CPU
		{AD6BCF0B-3CC0-4D51-88DE-92E336FF2D9F}.Debug|Any CPU.ActiveCfg = Debug|Any CPU
		{AD6BCF0B-3CC0-4D51-88DE-92E336FF2D9F}.Debug|Any CPU.Build.0 = Debug|Any CPU
		{AD6BCF0B-3CC0-4D51-88DE-92E336FF2D9F}.Release|Any CPU.ActiveCfg = Release|Any CPU
		{AD6BCF0B-3CC0-4D51-88DE-92E336FF2D9F}.Release|Any CPU.Build.0 = Release|Any CPU
		{A76CFF35-0E44-4D27-B53D-0ABF75294C66}.Debug|Any CPU.ActiveCfg = Debug|Any CPU
		{A76CFF35-0E44-4D27-B53D-0ABF75294C66}.Debug|Any CPU.Build.0 = Debug|Any CPU
		{A76CFF35-0E44-4D27-B53D-0ABF75294C66}.Release|Any CPU.ActiveCfg = Release|Any CPU
		{A76CFF35-0E44-4D27-B53D-0ABF75294C66}.Release|Any CPU.Build.0 = Release|Any CPU
		{D0AF2553-5D7E-4F55-BA83-C72ED4EB885E}.Debug|Any CPU.ActiveCfg = Debug|Any CPU
		{D0AF2553-5D7E-4F55-BA83-C72ED4EB885E}.Debug|Any CPU.Build.0 = Debug|Any CPU
		{D0AF2553-5D7E-4F55-BA83-C72ED4EB885E}.Release|Any CPU.ActiveCfg = Release|Any CPU
		{D0AF2553-5D7E-4F55-BA83-C72ED4EB885E}.Release|Any CPU.Build.0 = Release|Any CPU
		{C563BB2D-292F-4F28-A0DD-395B9DE340A0}.Debug|Any CPU.ActiveCfg = Debug|Any CPU
		{C563BB2D-292F-4F28-A0DD-395B9DE340A0}.Debug|Any CPU.Build.0 = Debug|Any CPU
		{C563BB2D-292F-4F28-A0DD-395B9DE340A0}.Release|Any CPU.ActiveCfg = Release|Any CPU
		{C563BB2D-292F-4F28-A0DD-395B9DE340A0}.Release|Any CPU.Build.0 = Release|Any CPU
	EndGlobalSection
	GlobalSection(SolutionProperties) = preSolution
		HideSolutionNode = FALSE
	EndGlobalSection
	GlobalSection(NestedProjects) = preSolution
		{ECAC5736-267D-4DA7-8CAA-98074E814835} = {DA99FA62-3929-47FA-B732-C9DD4EFF44EC}
		{7B715949-4E62-4C9D-956F-0CE25DAFCCC0} = {76E2C67D-FA7D-45A8-A4A0-C42A7D1068A0}
		{2259E786-4E71-448E-BB2B-72328467EBB3} = {064F2AA4-D08F-4F5F-B314-077A26B517E1}
		{AD6BCF0B-3CC0-4D51-88DE-92E336FF2D9F} = {DA99FA62-3929-47FA-B732-C9DD4EFF44EC}
		{A76CFF35-0E44-4D27-B53D-0ABF75294C66} = {2FD9B0F0-4370-494B-9FE9-49D98CD9E31E}
		{D0AF2553-5D7E-4F55-BA83-C72ED4EB885E} = {2FD9B0F0-4370-494B-9FE9-49D98CD9E31E}
		{C563BB2D-292F-4F28-A0DD-395B9DE340A0} = {064F2AA4-D08F-4F5F-B314-077A26B517E1}
	EndGlobalSection
	GlobalSection(ExtensibilityGlobals) = postSolution
		SolutionGuid = {D63C2346-1185-4F91-A07F-FE07649959DF}
	EndGlobalSection
EndGlobal
